
Microsoft Visual Studio Solution File, Format Version 12.00
# Visual Studio 15
VisualStudioVersion = 15.0.28307.572
MinimumVisualStudioVersion = 10.0.40219.1
Project("{8BC9CEB8-8B4A-11D0-8D11-00A0C91BC942}") = "ThreadEvents", "ThreadEvents\ThreadEvents.vcxproj", "{CAA37E93-8A60-4BA1-932B-9A7FBFC7CFBC}"
EndProject
Project("{8BC9CEB8-8B4A-11D0-8D11-00A0C91BC942}") = "ThreadEventsTest", "ThreadEventsTest\ThreadEventsTest.vcxproj", "{D4D80766-804A-4D70-B773-78C98F91E072}"
EndProject
Global
	GlobalSection(SolutionConfigurationPlatforms) = preSolution
		Debug|x64 = Debug|x64
		Debug|x86 = Debug|x86
		Release|x64 = Release|x64
		Release|x86 = Release|x86
	EndGlobalSection
	GlobalSection(ProjectConfigurationPlatforms) = postSolution
		{CAA37E93-8A60-4BA1-932B-9A7FBFC7CFBC}.Debug|x64.ActiveCfg = Debug|x64
		{CAA37E93-8A60-4BA1-932B-9A7FBFC7CFBC}.Debug|x64.Build.0 = Debug|x64
		{CAA37E93-8A60-4BA1-932B-9A7FBFC7CFBC}.Debug|x86.ActiveCfg = Debug|Win32
		{CAA37E93-8A60-4BA1-932B-9A7FBFC7CFBC}.Debug|x86.Build.0 = Debug|Win32
		{CAA37E93-8A60-4BA1-932B-9A7FBFC7CFBC}.Release|x64.ActiveCfg = Release|x64
		{CAA37E93-8A60-4BA1-932B-9A7FBFC7CFBC}.Release|x64.Build.0 = Release|x64
		{CAA37E93-8A60-4BA1-932B-9A7FBFC7CFBC}.Release|x86.ActiveCfg = Release|Win32
		{CAA37E93-8A60-4BA1-932B-9A7FBFC7CFBC}.Release|x86.Build.0 = Release|Win32
		{D4D80766-804A-4D70-B773-78C98F91E072}.Debug|x64.ActiveCfg = Debug|x64
		{D4D80766-804A-4D70-B773-78C98F91E072}.Debug|x64.Build.0 = Debug|x64
		{D4D80766-804A-4D70-B773-78C98F91E072}.Debug|x86.ActiveCfg = Debug|Win32
		{D4D80766-804A-4D70-B773-78C98F91E072}.Debug|x86.Build.0 = Debug|Win32
		{D4D80766-804A-4D70-B773-78C98F91E072}.Release|x64.ActiveCfg = Release|x64
		{D4D80766-804A-4D70-B773-78C98F91E072}.Release|x64.Build.0 = Release|x64
		{D4D80766-804A-4D70-B773-78C98F91E072}.Release|x86.ActiveCfg = Release|Win32
		{D4D80766-804A-4D70-B773-78C98F91E072}.Release|x86.Build.0 = Release|Win32
	EndGlobalSection
	GlobalSection(SolutionProperties) = preSolution
		HideSolutionNode = FALSE
	EndGlobalSection
	GlobalSection(ExtensibilityGlobals) = postSolution
		SolutionGuid = {4FF6C5EE-E7DD-463F-A029-354E755578FD}
	EndGlobalSection
EndGlobal
